
Microsoft Visual Studio Solution File, Format Version 12.00
# Visual Studio 15
VisualStudioVersion = 15.0.28010.2016
MinimumVisualStudioVersion = 10.0.40219.1
Project("{F184B08F-C81C-45F6-A57F-5ABD9991F28F}") = "MathTutor", "MathTutor.vbproj", "{8200462E-8FB2-4265-8520-2FD1F1800A8A}"
EndProject
Global
	GlobalSection(SolutionConfigurationPlatforms) = preSolution
		Debug|Any CPU = Debug|Any CPU
		Release|Any CPU = Release|Any CPU
	EndGlobalSection
	GlobalSection(ProjectConfigurationPlatforms) = postSolution
		{8200462E-8FB2-4265-8520-2FD1F1800A8A}.Debug|Any CPU.ActiveCfg = Debug|Any CPU
		{8200462E-8FB2-4265-8520-2FD1F1800A8A}.Debug|Any CPU.Build.0 = Debug|Any CPU
		{8200462E-8FB2-4265-8520-2FD1F1800A8A}.Release|Any CPU.ActiveCfg = Release|Any CPU
		{8200462E-8FB2-4265-8520-2FD1F1800A8A}.Release|Any CPU.Build.0 = Release|Any CPU
	EndGlobalSection
	GlobalSection(SolutionProperties) = preSolution
		HideSolutionNode = FALSE
	EndGlobalSection
	GlobalSection(ExtensibilityGlobals) = postSolution
		SolutionGuid = {EB196FD2-233C-4EDA-9859-4ECBCF8C8D79}
	EndGlobalSection
EndGlobal
