
Microsoft Visual Studio Solution File, Format Version 12.00
# Visual Studio 15
VisualStudioVersion = 15.0.28010.2016
MinimumVisualStudioVersion = 10.0.40219.1
Project("{F184B08F-C81C-45F6-A57F-5ABD9991F28F}") = "DateString", "DateString.vbproj", "{5E19580B-609A-4598-BE73-45AAAE7812C1}"
EndProject
Global
	GlobalSection(SolutionConfigurationPlatforms) = preSolution
		Debug|Any CPU = Debug|Any CPU
		Release|Any CPU = Release|Any CPU
	EndGlobalSection
	GlobalSection(ProjectConfigurationPlatforms) = postSolution
		{5E19580B-609A-4598-BE73-45AAAE7812C1}.Debug|Any CPU.ActiveCfg = Debug|Any CPU
		{5E19580B-609A-4598-BE73-45AAAE7812C1}.Debug|Any CPU.Build.0 = Debug|Any CPU
		{5E19580B-609A-4598-BE73-45AAAE7812C1}.Release|Any CPU.ActiveCfg = Release|Any CPU
		{5E19580B-609A-4598-BE73-45AAAE7812C1}.Release|Any CPU.Build.0 = Release|Any CPU
	EndGlobalSection
	GlobalSection(SolutionProperties) = preSolution
		HideSolutionNode = FALSE
	EndGlobalSection
	GlobalSection(ExtensibilityGlobals) = postSolution
		SolutionGuid = {FBABD620-8CBC-473B-80A7-847ED2D53456}
	EndGlobalSection
EndGlobal
