
Microsoft Visual Studio Solution File, Format Version 12.00
# Visual Studio 15
VisualStudioVersion = 15.0.28010.2016
MinimumVisualStudioVersion = 10.0.40219.1
Project("{F184B08F-C81C-45F6-A57F-5ABD9991F28F}") = "Sep5", "Sep5\Sep5.vbproj", "{4D23EE6A-F95D-4B42-AE44-74800B8D12A9}"
EndProject
Global
	GlobalSection(SolutionConfigurationPlatforms) = preSolution
		Debug|Any CPU = Debug|Any CPU
		Release|Any CPU = Release|Any CPU
	EndGlobalSection
	GlobalSection(ProjectConfigurationPlatforms) = postSolution
		{4D23EE6A-F95D-4B42-AE44-74800B8D12A9}.Debug|Any CPU.ActiveCfg = Debug|Any CPU
		{4D23EE6A-F95D-4B42-AE44-74800B8D12A9}.Debug|Any CPU.Build.0 = Debug|Any CPU
		{4D23EE6A-F95D-4B42-AE44-74800B8D12A9}.Release|Any CPU.ActiveCfg = Release|Any CPU
		{4D23EE6A-F95D-4B42-AE44-74800B8D12A9}.Release|Any CPU.Build.0 = Release|Any CPU
	EndGlobalSection
	GlobalSection(SolutionProperties) = preSolution
		HideSolutionNode = FALSE
	EndGlobalSection
	GlobalSection(ExtensibilityGlobals) = postSolution
		SolutionGuid = {E40AA211-FF30-43B3-A6B3-71ECAAC7D010}
	EndGlobalSection
EndGlobal
