
Microsoft Visual Studio Solution File, Format Version 12.00
# Visual Studio 15
VisualStudioVersion = 15.0.28010.2016
MinimumVisualStudioVersion = 10.0.40219.1
Project("{F184B08F-C81C-45F6-A57F-5ABD9991F28F}") = "Sep26", "Sep26.vbproj", "{5E9577F4-CBBD-4976-9C50-FEFD0035C444}"
EndProject
Global
	GlobalSection(SolutionConfigurationPlatforms) = preSolution
		Debug|Any CPU = Debug|Any CPU
		Release|Any CPU = Release|Any CPU
	EndGlobalSection
	GlobalSection(ProjectConfigurationPlatforms) = postSolution
		{5E9577F4-CBBD-4976-9C50-FEFD0035C444}.Debug|Any CPU.ActiveCfg = Debug|Any CPU
		{5E9577F4-CBBD-4976-9C50-FEFD0035C444}.Debug|Any CPU.Build.0 = Debug|Any CPU
		{5E9577F4-CBBD-4976-9C50-FEFD0035C444}.Release|Any CPU.ActiveCfg = Release|Any CPU
		{5E9577F4-CBBD-4976-9C50-FEFD0035C444}.Release|Any CPU.Build.0 = Release|Any CPU
	EndGlobalSection
	GlobalSection(SolutionProperties) = preSolution
		HideSolutionNode = FALSE
	EndGlobalSection
	GlobalSection(ExtensibilityGlobals) = postSolution
		SolutionGuid = {6B010557-EFA7-42DB-AE43-A7BFFEDC492B}
	EndGlobalSection
EndGlobal
