
Microsoft Visual Studio Solution File, Format Version 12.00
# Visual Studio 15
VisualStudioVersion = 15.0.28010.2016
MinimumVisualStudioVersion = 10.0.40219.1
Project("{F184B08F-C81C-45F6-A57F-5ABD9991F28F}") = "Oct29", "Oct29.vbproj", "{792F4FDB-9E1C-4939-8142-9C6F5F512170}"
EndProject
Global
	GlobalSection(SolutionConfigurationPlatforms) = preSolution
		Debug|Any CPU = Debug|Any CPU
		Release|Any CPU = Release|Any CPU
	EndGlobalSection
	GlobalSection(ProjectConfigurationPlatforms) = postSolution
		{792F4FDB-9E1C-4939-8142-9C6F5F512170}.Debug|Any CPU.ActiveCfg = Debug|Any CPU
		{792F4FDB-9E1C-4939-8142-9C6F5F512170}.Debug|Any CPU.Build.0 = Debug|Any CPU
		{792F4FDB-9E1C-4939-8142-9C6F5F512170}.Release|Any CPU.ActiveCfg = Release|Any CPU
		{792F4FDB-9E1C-4939-8142-9C6F5F512170}.Release|Any CPU.Build.0 = Release|Any CPU
	EndGlobalSection
	GlobalSection(SolutionProperties) = preSolution
		HideSolutionNode = FALSE
	EndGlobalSection
	GlobalSection(ExtensibilityGlobals) = postSolution
		SolutionGuid = {A0690775-C09C-4238-BE94-F9D76CF1E80D}
	EndGlobalSection
EndGlobal
